{
  "version": 1,
  "dependencies": {
    "net6.0": {
      "Microsoft.NETFramework.ReferenceAssemblies": {
        "type": "Direct",
        "requested": "[1.0.0, 2.0.0)",
        "resolved": "1.0.0",
        "contentHash": "7D2TMufjGiowmt0E941kVoTIS+GTNzaPopuzM1/1LSaJAdJdBrVP0SkZW7AgDd0a2U1DjsIeaKG1wxGVBNLDMw==",
        "dependencies": {
          "Microsoft.NETFramework.ReferenceAssemblies.net461": "1.0.0"
        }
      },
      "RabbitMQ.Client": {
        "type": "Direct",
        "requested": "[6.1.0, 7.0.0)",
        "resolved": "6.1.0",
        "contentHash": "XtiIVPRpcR82AWoe64Hh9gDHqBtheFuL/88YubNKkCpNcctkWFQjMlz3zTyf2lGvZouxCXarDm0nYhGBMbt58Q==",
        "dependencies": {
          "System.Memory": "4.5.4",
          "System.Threading.Channels": "4.7.1"
        }
      },
      "StyleCop.Analyzers": {
        "type": "Direct",
        "requested": "[1.2.0-beta.354, 2.0.0)",
        "resolved": "1.2.0-beta.354",
        "contentHash": "oDSJNxnEvIzAQTkpkc/FnJP4dQ7TV6fHMsI+2ckU5DOaMiwiEfh1fawMsSqz2bCoNwbTt9lS6MgYvyVKujNJoA==",
        "dependencies": {
          "StyleCop.Analyzers.Unstable": "1.2.0.354"
        }
      },
      "Microsoft.Extensions.Configuration": {
        "type": "Transitive",
        "resolved": "3.1.0",
        "contentHash": "Lu41BWNmwhKr6LgyQvcYBOge0pPvmiaK8R5UHXX4//wBhonJyWcT2OK1mqYfEM5G7pTf31fPrpIHOT6sN7EGOA==",
        "dependencies": {
          "Microsoft.Extensions.Configuration.Abstractions": "3.1.0"
        }
      },
      "Microsoft.Extensions.Configuration.Abstractions": {
        "type": "Transitive",
        "resolved": "3.1.0",
        "contentHash": "ESz6bVoDQX7sgWdKHF6G9Pq672T8k+19AFb/txDXwdz7MoqaNQj2/in3agm/3qae9V+WvQZH86LLTNVo0it8vQ==",
        "dependencies": {
          "Microsoft.Extensions.Primitives": "3.1.0"
        }
      },
      "Microsoft.Extensions.Configuration.Binder": {
        "type": "Transitive",
        "resolved": "3.1.0",
        "contentHash": "o9eELDBfNkR7sUtYysFZ1Q7BQ1mYt27DMkups/3vu7xgPyOpMD+iAfrBZFzUXT2iw0fmFb8s1gfNBZS+IgjKdQ==",
        "dependencies": {
          "Microsoft.Extensions.Configuration": "3.1.0"
        }
      },
      "Microsoft.Extensions.DependencyInjection": {
        "type": "Transitive",
        "resolved": "3.1.0",
        "contentHash": "KVkv3aF2MQpmGFRh4xRx2CNbc2sjDFk+lH4ySrjWSOS+XoY1Xc+sJphw3N0iYOpoeCCq8976ceVYDH8sdx2qIQ==",
        "dependencies": {
          "Microsoft.Extensions.DependencyInjection.Abstractions": "3.1.0"
        }
      },
      "Microsoft.Extensions.DependencyInjection.Abstractions": {
        "type": "Transitive",
        "resolved": "3.1.0",
        "contentHash": "44rDtOf1JXXAFpNT2EXMExaDm/4OJ2RXOL9i9lE4bK427nzC7Exphv+beB6IgluyE2GIoo8zezTStMXI7MQ8WA=="
      },
      "Microsoft.Extensions.FileProviders.Abstractions": {
        "type": "Transitive",
        "resolved": "2.1.0",
        "contentHash": "itv+7XBu58pxi8mykxx9cUO1OOVYe0jmQIZVSZVp5lOcLxB7sSV2bnHiI1RSu6Nxne/s6+oBla3ON5CCMSmwhQ==",
        "dependencies": {
          "Microsoft.Extensions.Primitives": "2.1.0"
        }
      },
      "Microsoft.Extensions.Hosting.Abstractions": {
        "type": "Transitive",
        "resolved": "2.1.0",
        "contentHash": "BpMaoBxdXr5VD0yk7rYN6R8lAU9X9JbvsPveNdKT+llIn3J5s4sxpWqaSG/NnzTzTLU5eJE5nrecTl7clg/7dQ==",
        "dependencies": {
          "Microsoft.Extensions.Configuration.Abstractions": "2.1.0",
          "Microsoft.Extensions.DependencyInjection.Abstractions": "2.1.0",
          "Microsoft.Extensions.FileProviders.Abstractions": "2.1.0",
          "Microsoft.Extensions.Logging.Abstractions": "2.1.0"
        }
      },
      "Microsoft.Extensions.Logging": {
        "type": "Transitive",
        "resolved": "3.1.0",
        "contentHash": "P+8sKQ8L4ooL79sxxqwFPxGGC3aBrUDLB/dZqhs4J0XjTyrkeeyJQ4D4nzJB6OnAhy78HIIgQ/RbD6upOXLynw==",
        "dependencies": {
          "Microsoft.Extensions.Configuration.Binder": "3.1.0",
          "Microsoft.Extensions.DependencyInjection": "3.1.0",
          "Microsoft.Extensions.Logging.Abstractions": "3.1.0",
          "Microsoft.Extensions.Options": "3.1.0"
        }
      },
      "Microsoft.Extensions.Logging.Abstractions": {
        "type": "Transitive",
        "resolved": "6.0.0",
        "contentHash": "/HggWBbTwy8TgebGSX5DBZ24ndhzi93sHUBDvP1IxbZD7FDokYzdAr6+vbWGjw2XAfR2EJ1sfKUotpjHnFWPxA=="
      },
      "Microsoft.Extensions.Logging.Configuration": {
        "type": "Transitive",
        "resolved": "3.1.0",
        "contentHash": "yW3nIoNM3T5iZg8bRViiCN4+vIU/02l+mlWSvKqWnr0Fd5Uk1zKdT9jBWKEcJhRIWKVWWSpFWXnM5yWoIAy1Eg==",
        "dependencies": {
          "Microsoft.Extensions.Logging": "3.1.0",
          "Microsoft.Extensions.Options.ConfigurationExtensions": "3.1.0"
        }
      },
      "Microsoft.Extensions.Options": {
        "type": "Transitive",
        "resolved": "3.1.0",
        "contentHash": "9b6JHY7TAXrSfZ6EEGf+j8XnqKIiMPErfmaNXhJYSCb+BUW2H4RtzkNJvwLJzwgzqBP0wtTjyA6Uw4BPPdmkMw==",
        "dependencies": {
          "Microsoft.Extensions.DependencyInjection.Abstractions": "3.1.0",
          "Microsoft.Extensions.Primitives": "3.1.0"
        }
      },
      "Microsoft.Extensions.Options.ConfigurationExtensions": {
        "type": "Transitive",
        "resolved": "3.1.0",
        "contentHash": "tx6gMKE3rDspA1YZT8SlQJmyt1BaBSl6mNjB3g0ZO6m3NnoavCifXkGeBuDk9Ae4XjW8C+dty52p+0u38jPRIQ==",
        "dependencies": {
          "Microsoft.Extensions.Configuration.Abstractions": "3.1.0",
          "Microsoft.Extensions.Configuration.Binder": "3.1.0",
          "Microsoft.Extensions.DependencyInjection.Abstractions": "3.1.0",
          "Microsoft.Extensions.Options": "3.1.0"
        }
      },
      "Microsoft.Extensions.Primitives": {
        "type": "Transitive",
        "resolved": "3.1.0",
        "contentHash": "LEKAnX7lhUhSoIc2XraCTK3M4IU/LdVUzCe464Sa4+7F4ZJuXHHRzZli2mDbiT4xzAZhgqXbvfnb5+CNDcQFfg=="
      },
      "Microsoft.NETFramework.ReferenceAssemblies.net461": {
        "type": "Transitive",
        "resolved": "1.0.0",
        "contentHash": "t4HKFwTQk/TkCCe1Sr2veze2QU6/RkRHkSQrZMHo2oFAoPANBg1l93O2Gh+ogqKRLFCRBbInm9hvEeSKVsuepw=="
      },
      "StyleCop.Analyzers.Unstable": {
        "type": "Transitive",
        "resolved": "1.2.0.354",
        "contentHash": "/3RlM31XbJ02gaWh7dVumWOyMvGHswb/zygGJXd9oEJMRyyYc/HFJlAC5gBPxvi9cB4CMvIyyUTmZz5VLKwTvg=="
      },
      "System.Diagnostics.DiagnosticSource": {
        "type": "Transitive",
        "resolved": "7.0.0-preview.7.22375.6",
        "contentHash": "0bPLHlqbz4Sw8C1yvQuobCQH02Ll9R2ASZ13M0v7mPTT2YQ+8/2aYKE13MI2XOv/Fhp9LcFDbAxHsKqQ8r366g==",
        "dependencies": {
          "System.Runtime.CompilerServices.Unsafe": "6.0.0"
        }
      },
      "System.Memory": {
        "type": "Transitive",
        "resolved": "4.5.4",
        "contentHash": "1MbJTHS1lZ4bS4FmsJjnuGJOu88ZzTT2rLvrhW7Ygic+pC0NWA+3hgAen0HRdsocuQXCkUTdFn9yHJJhsijDXw=="
      },
      "System.Runtime.CompilerServices.Unsafe": {
        "type": "Transitive",
        "resolved": "6.0.0",
        "contentHash": "/iUeP3tq1S0XdNNoMz5C9twLSrM/TH+qElHkXWaPvuNOt+99G75NrV0OS2EqHx5wMN7popYjpc8oTjC1y16DLg=="
      },
      "System.Text.Json": {
        "type": "Transitive",
        "resolved": "4.7.0",
        "contentHash": "IPq/x/d5nAcnD3vIyM3AbPOaTgcqrh0AqPSx7U53UFu3M6k1TH1u/eXc9/h4jm/3mpP1WRUpevlPY4PACd7AWw=="
      },
      "System.Threading.Channels": {
        "type": "Transitive",
        "resolved": "4.7.1",
        "contentHash": "6akRtHK/wab3246t4p5v3HQrtQk8LboOt5T4dtpNgsp3zvDeM4/Gx8V12t0h+c/W9/enUrilk8n6EQqdQorZAA=="
      },
      "opentelemetry": {
        "type": "Project",
        "dependencies": {
          "Microsoft.Extensions.Logging": "[3.1.0, )",
          "Microsoft.Extensions.Logging.Configuration": "[3.1.0, )",
          "OpenTelemetry.Api": "[1.0.0, )"
        }
      },
      "opentelemetry.api": {
        "type": "Project",
        "dependencies": {
          "System.Diagnostics.DiagnosticSource": "[7.0.0-preview.7.22375.6, )"
        }
      },
      "opentelemetry.exporter.zipkin": {
        "type": "Project",
        "dependencies": {
          "OpenTelemetry": "[1.0.0, )",
          "System.Text.Json": "[4.7.0, )"
        }
      },
      "opentelemetry.extensions.hosting": {
        "type": "Project",
        "dependencies": {
          "Microsoft.Extensions.Hosting.Abstractions": "[2.1.0, )",
          "OpenTelemetry": "[1.0.0, )"
        }
      },
      "opentelemetry.instrumentation.aspnetcore": {
        "type": "Project",
        "dependencies": {
          "OpenTelemetry": "[1.0.0, )"
        }
      },
      "utils": {
        "type": "Project",
        "dependencies": {
          "Microsoft.Extensions.Logging.Abstractions": "[6.0.0, )",
          "OpenTelemetry.Api": "[1.0.0, )",
          "RabbitMQ.Client": "[6.1.0, 7.0.0)"
        }
      }
    }
  }
}