{
  "version": 1,
  "dependencies": {
    "net6.0": {
      "CommandLineParser": {
        "type": "Direct",
        "requested": "[2.3.0, 3.0.0)",
        "resolved": "2.3.0",
        "contentHash": "6+1jEX68n//oePpqTzxx9cjM3/yPZXqi6F/tTb31wP3qVe5CpTpO/XOc4wBRgT36bHkCPl49DxyRmyniguutsw==",
        "dependencies": {
          "System.Collections": "4.0.11-rc2-24027",
          "System.Console": "4.0.0-rc2-24027",
          "System.Diagnostics.Debug": "4.0.11-rc2-24027",
          "System.Globalization": "4.0.11-rc2-24027",
          "System.IO": "4.1.0-rc2-24027",
          "System.Linq": "4.1.0-rc2-24027",
          "System.Linq.Expressions": "4.0.11-rc2-24027",
          "System.Reflection": "4.1.0-rc2-24027",
          "System.Reflection.Extensions": "4.0.1-rc2-24027",
          "System.Reflection.TypeExtensions": "4.1.0-rc2-24027",
          "System.Resources.ResourceManager": "4.0.1-rc2-24027",
          "System.Runtime": "4.1.0-rc2-24027",
          "System.Runtime.Extensions": "4.1.0-rc2-24027"
        }
      },
      "Google.Protobuf": {
        "type": "Direct",
        "requested": "[3.19.4, 4.0.0)",
        "resolved": "3.19.4",
        "contentHash": "fd07/ykL4O4FhqrZIELm5lmiyOHfdPg9+o+hWr6tcfRdS7tHXnImg/2wtogLzlW2eEmr0J7j6ZrZvaWOLiJbxQ=="
      },
      "Grpc.Net.Client": {
        "type": "Direct",
        "requested": "[2.43.0, 3.0.0)",
        "resolved": "2.43.0",
        "contentHash": "ZhkxEOT3YPsJufsSYwIixwnPyZbjy3xOZgO61J2ZwEby3StwBDFQ5eHoxSjNVSpOP+ax8WMbgbmZfzjO+hBW8A==",
        "dependencies": {
          "Grpc.Net.Common": "2.43.0",
          "Microsoft.Extensions.Logging.Abstractions": "3.0.3"
        }
      },
      "Grpc.Tools": {
        "type": "Direct",
        "requested": "[2.44.0, 3.0.0)",
        "resolved": "2.44.0",
        "contentHash": "HEqnCJqHcpr1rgrfluvPAsaR4Y1qSFicg8Z24u6kmw0EIk9RnRszz2OVjAkyvqcGU18fWAtsmk8NApfzbVHucw=="
      },
      "Microsoft.NETFramework.ReferenceAssemblies": {
        "type": "Direct",
        "requested": "[1.0.0, 2.0.0)",
        "resolved": "1.0.0",
        "contentHash": "7D2TMufjGiowmt0E941kVoTIS+GTNzaPopuzM1/1LSaJAdJdBrVP0SkZW7AgDd0a2U1DjsIeaKG1wxGVBNLDMw==",
        "dependencies": {
          "Microsoft.NETFramework.ReferenceAssemblies.net461": "1.0.0"
        }
      },
      "StyleCop.Analyzers": {
        "type": "Direct",
        "requested": "[1.2.0-beta.354, 2.0.0)",
        "resolved": "1.2.0-beta.354",
        "contentHash": "oDSJNxnEvIzAQTkpkc/FnJP4dQ7TV6fHMsI+2ckU5DOaMiwiEfh1fawMsSqz2bCoNwbTt9lS6MgYvyVKujNJoA==",
        "dependencies": {
          "StyleCop.Analyzers.Unstable": "1.2.0.354"
        }
      },
      "Grpc.Core.Api": {
        "type": "Transitive",
        "resolved": "2.43.0",
        "contentHash": "mikPMVE2I1AaNde1JQvR3ud8HsUmpeA4blqTt4SfCnDSNVN1GCd2UUEZsiID4MRPUzXwflMYl7/HhFytb6d+Ww==",
        "dependencies": {
          "System.Memory": "4.5.3"
        }
      },
      "Grpc.Net.Common": {
        "type": "Transitive",
        "resolved": "2.43.0",
        "contentHash": "kt0Hb1N1tlb5UdN17bTHEPNbKP3LUHEZQSKD47etAVI5KLDtmVGO4YsUGM/krrNMwHRjhUCy0EhUU8uVMc3upA==",
        "dependencies": {
          "Grpc.Core.Api": "2.43.0"
        }
      },
      "Microsoft.Extensions.Configuration": {
        "type": "Transitive",
        "resolved": "3.1.0",
        "contentHash": "Lu41BWNmwhKr6LgyQvcYBOge0pPvmiaK8R5UHXX4//wBhonJyWcT2OK1mqYfEM5G7pTf31fPrpIHOT6sN7EGOA==",
        "dependencies": {
          "Microsoft.Extensions.Configuration.Abstractions": "3.1.0"
        }
      },
      "Microsoft.Extensions.Configuration.Abstractions": {
        "type": "Transitive",
        "resolved": "3.1.0",
        "contentHash": "ESz6bVoDQX7sgWdKHF6G9Pq672T8k+19AFb/txDXwdz7MoqaNQj2/in3agm/3qae9V+WvQZH86LLTNVo0it8vQ==",
        "dependencies": {
          "Microsoft.Extensions.Primitives": "3.1.0"
        }
      },
      "Microsoft.Extensions.Configuration.Binder": {
        "type": "Transitive",
        "resolved": "3.1.0",
        "contentHash": "o9eELDBfNkR7sUtYysFZ1Q7BQ1mYt27DMkups/3vu7xgPyOpMD+iAfrBZFzUXT2iw0fmFb8s1gfNBZS+IgjKdQ==",
        "dependencies": {
          "Microsoft.Extensions.Configuration": "3.1.0"
        }
      },
      "Microsoft.Extensions.DependencyInjection": {
        "type": "Transitive",
        "resolved": "3.1.0",
        "contentHash": "KVkv3aF2MQpmGFRh4xRx2CNbc2sjDFk+lH4ySrjWSOS+XoY1Xc+sJphw3N0iYOpoeCCq8976ceVYDH8sdx2qIQ==",
        "dependencies": {
          "Microsoft.Extensions.DependencyInjection.Abstractions": "3.1.0"
        }
      },
      "Microsoft.Extensions.DependencyInjection.Abstractions": {
        "type": "Transitive",
        "resolved": "3.1.0",
        "contentHash": "44rDtOf1JXXAFpNT2EXMExaDm/4OJ2RXOL9i9lE4bK427nzC7Exphv+beB6IgluyE2GIoo8zezTStMXI7MQ8WA=="
      },
      "Microsoft.Extensions.Logging": {
        "type": "Transitive",
        "resolved": "3.1.0",
        "contentHash": "P+8sKQ8L4ooL79sxxqwFPxGGC3aBrUDLB/dZqhs4J0XjTyrkeeyJQ4D4nzJB6OnAhy78HIIgQ/RbD6upOXLynw==",
        "dependencies": {
          "Microsoft.Extensions.Configuration.Binder": "3.1.0",
          "Microsoft.Extensions.DependencyInjection": "3.1.0",
          "Microsoft.Extensions.Logging.Abstractions": "3.1.0",
          "Microsoft.Extensions.Options": "3.1.0"
        }
      },
      "Microsoft.Extensions.Logging.Abstractions": {
        "type": "Transitive",
        "resolved": "3.1.0",
        "contentHash": "jjo4YXRx6MIpv6DiRxJjSpl+sPP0+5VW0clMEdLyIAz44PPwrDTFrd5PZckIxIXl1kKZ2KK6IL2nkt0+ug2MQg=="
      },
      "Microsoft.Extensions.Logging.Configuration": {
        "type": "Transitive",
        "resolved": "3.1.0",
        "contentHash": "yW3nIoNM3T5iZg8bRViiCN4+vIU/02l+mlWSvKqWnr0Fd5Uk1zKdT9jBWKEcJhRIWKVWWSpFWXnM5yWoIAy1Eg==",
        "dependencies": {
          "Microsoft.Extensions.Logging": "3.1.0",
          "Microsoft.Extensions.Options.ConfigurationExtensions": "3.1.0"
        }
      },
      "Microsoft.Extensions.Options": {
        "type": "Transitive",
        "resolved": "3.1.0",
        "contentHash": "9b6JHY7TAXrSfZ6EEGf+j8XnqKIiMPErfmaNXhJYSCb+BUW2H4RtzkNJvwLJzwgzqBP0wtTjyA6Uw4BPPdmkMw==",
        "dependencies": {
          "Microsoft.Extensions.DependencyInjection.Abstractions": "3.1.0",
          "Microsoft.Extensions.Primitives": "3.1.0"
        }
      },
      "Microsoft.Extensions.Options.ConfigurationExtensions": {
        "type": "Transitive",
        "resolved": "3.1.0",
        "contentHash": "tx6gMKE3rDspA1YZT8SlQJmyt1BaBSl6mNjB3g0ZO6m3NnoavCifXkGeBuDk9Ae4XjW8C+dty52p+0u38jPRIQ==",
        "dependencies": {
          "Microsoft.Extensions.Configuration.Abstractions": "3.1.0",
          "Microsoft.Extensions.Configuration.Binder": "3.1.0",
          "Microsoft.Extensions.DependencyInjection.Abstractions": "3.1.0",
          "Microsoft.Extensions.Options": "3.1.0"
        }
      },
      "Microsoft.Extensions.Primitives": {
        "type": "Transitive",
        "resolved": "3.1.0",
        "contentHash": "LEKAnX7lhUhSoIc2XraCTK3M4IU/LdVUzCe464Sa4+7F4ZJuXHHRzZli2mDbiT4xzAZhgqXbvfnb5+CNDcQFfg=="
      },
      "Microsoft.NETFramework.ReferenceAssemblies.net461": {
        "type": "Transitive",
        "resolved": "1.0.0",
        "contentHash": "t4HKFwTQk/TkCCe1Sr2veze2QU6/RkRHkSQrZMHo2oFAoPANBg1l93O2Gh+ogqKRLFCRBbInm9hvEeSKVsuepw=="
      },
      "OpenTracing": {
        "type": "Transitive",
        "resolved": "0.12.1",
        "contentHash": "8i/Vnx/lbWzqqJ6J5lofguT4wBS99rfqKujWrFrTGAclQBZ5h1CgBlzGOTqsNjmMsxSTLpC+Ns6/f1RB0c4O/g=="
      },
      "StyleCop.Analyzers.Unstable": {
        "type": "Transitive",
        "resolved": "1.2.0.354",
        "contentHash": "/3RlM31XbJ02gaWh7dVumWOyMvGHswb/zygGJXd9oEJMRyyYc/HFJlAC5gBPxvi9cB4CMvIyyUTmZz5VLKwTvg=="
      },
      "System.Collections": {
        "type": "Transitive",
        "resolved": "4.0.11-rc2-24027",
        "contentHash": "wi4oT2B06Ev7vDPeJki7HVJ3qPYJIilzf+p81JuNaBD9L2wi9Y2L5BsQ6ToncW+lYZafuMea/hiK1xX1Ge1VWQ==",
        "dependencies": {
          "System.Runtime": "4.1.0-rc2-24027"
        }
      },
      "System.Console": {
        "type": "Transitive",
        "resolved": "4.0.0-rc2-24027",
        "contentHash": "ZkOW7ehVR6vnVTfttO0Z1uf3v7mT8cxQZbPHaGDyTt65qh4WzQOXgZYWqDNduyA1xWlvKh28XAhAkK0P39CcAA==",
        "dependencies": {
          "System.IO": "4.1.0-rc2-24027",
          "System.Runtime": "4.1.0-rc2-24027",
          "System.Text.Encoding": "4.0.11-rc2-24027"
        }
      },
      "System.Diagnostics.Debug": {
        "type": "Transitive",
        "resolved": "4.0.11-rc2-24027",
        "contentHash": "k0ckwL97zqxiSjRpgmkjUoP51LvEzMshynNuNOyUsKLQTHVieTsrg2YiBnou0AsDnDk/maCmuPJvoJR0qIcOuQ==",
        "dependencies": {
          "System.Runtime": "4.1.0-rc2-24027"
        }
      },
      "System.Diagnostics.DiagnosticSource": {
        "type": "Transitive",
        "resolved": "7.0.0-preview.7.22375.6",
        "contentHash": "0bPLHlqbz4Sw8C1yvQuobCQH02Ll9R2ASZ13M0v7mPTT2YQ+8/2aYKE13MI2XOv/Fhp9LcFDbAxHsKqQ8r366g==",
        "dependencies": {
          "System.Runtime.CompilerServices.Unsafe": "6.0.0"
        }
      },
      "System.Globalization": {
        "type": "Transitive",
        "resolved": "4.0.11-rc2-24027",
        "contentHash": "RDterYo6tAE2YslHrhvAdrAkTdhGkml7tg5JGX/XwgN2GGkB3NkiqigBSaUEV4S2ftCzCFDIhCxqQy57lAsEIA==",
        "dependencies": {
          "System.Runtime": "4.1.0-rc2-24027"
        }
      },
      "System.IO": {
        "type": "Transitive",
        "resolved": "4.1.0-rc2-24027",
        "contentHash": "VQRYN33mwALJ1UWfxxMqXzKCYUDNMUeU6j8YCxVcLCBx3Oa/l7i15NQv/OAebfOVSmBa3LmBTRP4rQqChrCbFg==",
        "dependencies": {
          "System.Runtime": "4.1.0-rc2-24027",
          "System.Text.Encoding": "4.0.11-rc2-24027",
          "System.Threading.Tasks": "4.0.11-rc2-24027"
        }
      },
      "System.Linq": {
        "type": "Transitive",
        "resolved": "4.1.0-rc2-24027",
        "contentHash": "uf9wbc/YWrM4xa6g0T8n1XpY/zRcTHSPw+sCwkdrL2aJbYyLFKs1Yeg8M0zjMX4SwmiNeDiZR2gkAHAPsIfKCg==",
        "dependencies": {
          "System.Collections": "4.0.11-rc2-24027",
          "System.Diagnostics.Debug": "4.0.11-rc2-24027",
          "System.Resources.ResourceManager": "4.0.1-rc2-24027",
          "System.Runtime": "4.1.0-rc2-24027",
          "System.Runtime.Extensions": "4.1.0-rc2-24027"
        }
      },
      "System.Linq.Expressions": {
        "type": "Transitive",
        "resolved": "4.0.11-rc2-24027",
        "contentHash": "CfLNPBWzWdqfRGkdIXNWQ+2zSyaegOL4MAQSry0k6t8CQnPwJLywZLIZAV+cU47gi/7C2eM2I63r2eBZNJDovw==",
        "dependencies": {
          "System.Collections": "4.0.11-rc2-24027",
          "System.Diagnostics.Debug": "4.0.11-rc2-24027",
          "System.Globalization": "4.0.11-rc2-24027",
          "System.IO": "4.1.0-rc2-24027",
          "System.Linq": "4.1.0-rc2-24027",
          "System.ObjectModel": "4.0.12-rc2-24027",
          "System.Reflection": "4.1.0-rc2-24027",
          "System.Reflection.Emit": "4.0.1-rc2-24027",
          "System.Reflection.Emit.ILGeneration": "4.0.1-rc2-24027",
          "System.Reflection.Emit.Lightweight": "4.0.1-rc2-24027",
          "System.Reflection.Extensions": "4.0.1-rc2-24027",
          "System.Reflection.Primitives": "4.0.1-rc2-24027",
          "System.Reflection.TypeExtensions": "4.1.0-rc2-24027",
          "System.Resources.ResourceManager": "4.0.1-rc2-24027",
          "System.Runtime": "4.1.0-rc2-24027",
          "System.Runtime.Extensions": "4.1.0-rc2-24027",
          "System.Threading": "4.0.11-rc2-24027"
        }
      },
      "System.Memory": {
        "type": "Transitive",
        "resolved": "4.5.3",
        "contentHash": "3oDzvc/zzetpTKWMShs1AADwZjQ/36HnsufHRPcOjyRAAMLDlu2iD33MBI2opxnezcVUtXyqDXXjoFMOU9c7SA=="
      },
      "System.ObjectModel": {
        "type": "Transitive",
        "resolved": "4.0.12-rc2-24027",
        "contentHash": "8wgKzGVl3RlTMBYsWCjOizWpzH8mm7i0pv2vHwXbpV/rGptDDKzXHyTmdqFdBAfrnsnicwh79hNTc5zzKWKK1A==",
        "dependencies": {
          "System.Collections": "4.0.11-rc2-24027",
          "System.Diagnostics.Debug": "4.0.11-rc2-24027",
          "System.Resources.ResourceManager": "4.0.1-rc2-24027",
          "System.Runtime": "4.1.0-rc2-24027",
          "System.Threading": "4.0.11-rc2-24027"
        }
      },
      "System.Reflection": {
        "type": "Transitive",
        "resolved": "4.1.0-rc2-24027",
        "contentHash": "RMJrRP3I71J5PLfsX2reWDPltwJs/pJ+CbIqa2ccDVop2WlBq6CuV7FOo7l77nuYFKODI6kpATLXZKiq8V8aEQ==",
        "dependencies": {
          "System.IO": "4.1.0-rc2-24027",
          "System.Reflection.Primitives": "4.0.1-rc2-24027",
          "System.Runtime": "4.1.0-rc2-24027"
        }
      },
      "System.Reflection.Emit": {
        "type": "Transitive",
        "resolved": "4.0.1-rc2-24027",
        "contentHash": "C4kvi/Lpj5vgUtCygP0bbBnlYyuDZEU2ofdgGXa8AgV3FkmwNEqJ7zm3OhMFe/kMKRgEkJXkioFdkLHrJJLDTQ==",
        "dependencies": {
          "System.IO": "4.1.0-rc2-24027",
          "System.Reflection": "4.1.0-rc2-24027",
          "System.Reflection.Emit.ILGeneration": "4.0.1-rc2-24027",
          "System.Reflection.Primitives": "4.0.1-rc2-24027",
          "System.Runtime": "4.1.0-rc2-24027"
        }
      },
      "System.Reflection.Emit.ILGeneration": {
        "type": "Transitive",
        "resolved": "4.0.1-rc2-24027",
        "contentHash": "s7puteOinRV3+sGWDLeuUbSSxwZHqHhXpLwoTlS4L0x7d58j868LbKPSPJVZAs6a/dGkyo02WHVDcEtCBjn8VQ==",
        "dependencies": {
          "System.Reflection": "4.1.0-rc2-24027",
          "System.Reflection.Primitives": "4.0.1-rc2-24027",
          "System.Runtime": "4.1.0-rc2-24027"
        }
      },
      "System.Reflection.Emit.Lightweight": {
        "type": "Transitive",
        "resolved": "4.0.1-rc2-24027",
        "contentHash": "kDuurD3Z1bYJrW0VqBEoHWLUCWYtto/SF/dajEj8sXftap3zkqBF+3IMb8l4EfRuzytlS2TlmFxiApbB9C8JEA==",
        "dependencies": {
          "System.Reflection": "4.1.0-rc2-24027",
          "System.Reflection.Emit.ILGeneration": "4.0.1-rc2-24027",
          "System.Reflection.Primitives": "4.0.1-rc2-24027",
          "System.Runtime": "4.1.0-rc2-24027"
        }
      },
      "System.Reflection.Extensions": {
        "type": "Transitive",
        "resolved": "4.0.1-rc2-24027",
        "contentHash": "5N1tt+n0OHyaZ3Wb73FIfNsRrkFDW1I2fuAzojudgcZ0XcAHqLE0Wb9/JQ2eG6Lp89l2qntx4HvXcIDjVwvYuw==",
        "dependencies": {
          "System.Reflection": "4.1.0-rc2-24027",
          "System.Runtime": "4.1.0-rc2-24027"
        }
      },
      "System.Reflection.Primitives": {
        "type": "Transitive",
        "resolved": "4.0.1-rc2-24027",
        "contentHash": "/FgLaA5DnqSVZVm5+eqhSjezjBCRo7+W5LzUsa3nQul6hHbMGkB2uuN8Tt6UfpLzKZ5QimefeDKkLYmChBnskQ==",
        "dependencies": {
          "System.Runtime": "4.1.0-rc2-24027"
        }
      },
      "System.Reflection.TypeExtensions": {
        "type": "Transitive",
        "resolved": "4.1.0-rc2-24027",
        "contentHash": "1t2V/qaXZjJ2krlf97bGEcqiNjriHZQv5mx3Mez2PJ2+gqJbu0vPWCSNTN8Y+miCuRm+Pwx0ZFAoCQHkij2xcQ==",
        "dependencies": {
          "System.Reflection": "4.1.0-rc2-24027",
          "System.Runtime": "4.1.0-rc2-24027"
        }
      },
      "System.Resources.ResourceManager": {
        "type": "Transitive",
        "resolved": "4.0.1-rc2-24027",
        "contentHash": "WFDuYprqRWAVcQzArAqgabw9bbGPBaogBG17sGtZ5Iyb7ddOcIs89QYdcxdatPkSYOFNWydwSY2fyOjhIKMIcA==",
        "dependencies": {
          "System.Globalization": "4.0.11-rc2-24027",
          "System.Reflection": "4.1.0-rc2-24027",
          "System.Runtime": "4.1.0-rc2-24027"
        }
      },
      "System.Runtime": {
        "type": "Transitive",
        "resolved": "4.1.0-rc2-24027",
        "contentHash": "sDyyCeXycMSiNP4z1wyeyXlZSb26/OXIAwqnDsOAjw9PL3r8OgDRJgt4SH6Qid5z6E5IEGTKwjBjrHJGoa8bag=="
      },
      "System.Runtime.CompilerServices.Unsafe": {
        "type": "Transitive",
        "resolved": "6.0.0",
        "contentHash": "/iUeP3tq1S0XdNNoMz5C9twLSrM/TH+qElHkXWaPvuNOt+99G75NrV0OS2EqHx5wMN7popYjpc8oTjC1y16DLg=="
      },
      "System.Runtime.Extensions": {
        "type": "Transitive",
        "resolved": "4.1.0-rc2-24027",
        "contentHash": "rHmAgtQY8XlVd4tB/5ta8IzxAL9gpUlkTYQgUXDjdHux2MFmDSJv4vgm/atmwbKZcd0TnzjD2SYpnkWSqDWgFg==",
        "dependencies": {
          "System.Runtime": "4.1.0-rc2-24027"
        }
      },
      "System.Text.Encoding": {
        "type": "Transitive",
        "resolved": "4.0.11-rc2-24027",
        "contentHash": "WyhCB3a669kXgMXEBx+T0G+bulfT0xzhYqZvuIGm22qIFlS85z11df279viqqjkwv2PDQvLjE2YKhRqkvdEd3g==",
        "dependencies": {
          "System.Runtime": "4.1.0-rc2-24027"
        }
      },
      "System.Text.Json": {
        "type": "Transitive",
        "resolved": "4.7.0",
        "contentHash": "IPq/x/d5nAcnD3vIyM3AbPOaTgcqrh0AqPSx7U53UFu3M6k1TH1u/eXc9/h4jm/3mpP1WRUpevlPY4PACd7AWw=="
      },
      "System.Threading": {
        "type": "Transitive",
        "resolved": "4.0.11-rc2-24027",
        "contentHash": "JdVfUj82+pkIGfpUeb28HdwxoUMR7lTL5LT2iX9gyKtIo4yv2VirGPFVvohdlN9t9My+dIlYb9W4z1YlZV/RIA==",
        "dependencies": {
          "System.Runtime": "4.1.0-rc2-24027",
          "System.Threading.Tasks": "4.0.11-rc2-24027"
        }
      },
      "System.Threading.Tasks": {
        "type": "Transitive",
        "resolved": "4.0.11-rc2-24027",
        "contentHash": "BULvVgPxKNzMgAZpaRHREYhbGFTDbwG84mR61gGcajhLo6nn7XS9E1Lzixiv3gANtT7HROH7h3LeMPMRsEvEPQ==",
        "dependencies": {
          "System.Runtime": "4.1.0-rc2-24027"
        }
      },
      "System.Threading.Tasks.Extensions": {
        "type": "Transitive",
        "resolved": "4.5.3",
        "contentHash": "+MvhNtcvIbqmhANyKu91jQnvIRVSTiaOiFNfKWwXGHG48YAb4I/TyH8spsySiPYla7gKal5ZnF3teJqZAximyQ=="
      },
      "opentelemetry": {
        "type": "Project",
        "dependencies": {
          "Microsoft.Extensions.Logging": "[3.1.0, )",
          "Microsoft.Extensions.Logging.Configuration": "[3.1.0, )",
          "OpenTelemetry.Api": "[1.0.0, )"
        }
      },
      "opentelemetry.api": {
        "type": "Project",
        "dependencies": {
          "System.Diagnostics.DiagnosticSource": "[7.0.0-preview.7.22375.6, )"
        }
      },
      "opentelemetry.exporter.console": {
        "type": "Project",
        "dependencies": {
          "OpenTelemetry": "[1.0.0, )",
          "System.Text.Json": "[4.7.0, )"
        }
      },
      "opentelemetry.exporter.inmemory": {
        "type": "Project",
        "dependencies": {
          "OpenTelemetry": "[1.0.0, )"
        }
      },
      "opentelemetry.exporter.jaeger": {
        "type": "Project",
        "dependencies": {
          "OpenTelemetry": "[1.0.0, )",
          "System.Threading.Tasks.Extensions": "[4.5.3, )"
        }
      },
      "opentelemetry.exporter.opentelemetryprotocol": {
        "type": "Project",
        "dependencies": {
          "Google.Protobuf": "[3.19.4, 4.0.0)",
          "Grpc.Net.Client": "[2.43.0, 3.0.0)",
          "OpenTelemetry": "[1.0.0, )"
        }
      },
      "opentelemetry.exporter.opentelemetryprotocol.logs": {
        "type": "Project",
        "dependencies": {
          "OpenTelemetry": "[1.0.0, )",
          "OpenTelemetry.Exporter.OpenTelemetryProtocol": "[1.0.0, )"
        }
      },
      "opentelemetry.exporter.prometheus.httplistener": {
        "type": "Project",
        "dependencies": {
          "OpenTelemetry": "[1.0.0, )"
        }
      },
      "opentelemetry.exporter.zipkin": {
        "type": "Project",
        "dependencies": {
          "OpenTelemetry": "[1.0.0, )",
          "System.Text.Json": "[4.7.0, )"
        }
      },
      "opentelemetry.exporter.zpages": {
        "type": "Project",
        "dependencies": {
          "OpenTelemetry": "[1.0.0, )"
        }
      },
      "opentelemetry.instrumentation.grpcnetclient": {
        "type": "Project",
        "dependencies": {
          "OpenTelemetry": "[1.0.0, )"
        }
      },
      "opentelemetry.instrumentation.http": {
        "type": "Project",
        "dependencies": {
          "OpenTelemetry": "[1.0.0, )"
        }
      },
      "opentelemetry.shims.opentracing": {
        "type": "Project",
        "dependencies": {
          "OpenTelemetry.Api": "[1.0.0, )",
          "OpenTracing": "[0.12.1, 0.13.0)"
        }
      }
    }
  }
}